
Microsoft Visual Studio Solution File, Format Version 12.00
# Visual Studio Version 16
VisualStudioVersion = 16.0.30011.22
MinimumVisualStudioVersion = 10.0.40219.1
Project("{FAE04EC0-301F-11D3-BF4B-00C04F79EFBC}") = "App6.Android", "App6\App6.Android\App6.Android.csproj", "{78B3DF9F-4629-459B-A2E0-BA64A443BADD}"
EndProject
Project("{FAE04EC0-301F-11D3-BF4B-00C04F79EFBC}") = "App6.iOS", "App6\App6.iOS\App6.iOS.csproj", "{1964C1C9-DE2B-458B-85F3-C9E602F0138D}"
EndProject
Project("{9A19103F-16F7-4668-BE54-9A1E7A4F7556}") = "App6", "App6\App6\App6.csproj", "{89EB6C2D-200E-4F04-BA2B-2C4F81960F9A}"
EndProject
Global
	GlobalSection(SolutionConfigurationPlatforms) = preSolution
		Debug|Any CPU = Debug|Any CPU
		Debug|iPhone = Debug|iPhone
		Debug|iPhoneSimulator = Debug|iPhoneSimulator
		Release|Any CPU = Release|Any CPU
		Release|iPhone = Release|iPhone
		Release|iPhoneSimulator = Release|iPhoneSimulator
	EndGlobalSection
	GlobalSection(ProjectConfigurationPlatforms) = postSolution
		{78B3DF9F-4629-459B-A2E0-BA64A443BADD}.Debug|Any CPU.ActiveCfg = Debug|Any CPU
		{78B3DF9F-4629-459B-A2E0-BA64A443BADD}.Debug|Any CPU.Build.0 = Debug|Any CPU
		{78B3DF9F-4629-459B-A2E0-BA64A443BADD}.Debug|Any CPU.Deploy.0 = Debug|Any CPU
		{78B3DF9F-4629-459B-A2E0-BA64A443BADD}.Debug|iPhone.ActiveCfg = Debug|Any CPU
		{78B3DF9F-4629-459B-A2E0-BA64A443BADD}.Debug|iPhone.Build.0 = Debug|Any CPU
		{78B3DF9F-4629-459B-A2E0-BA64A443BADD}.Debug|iPhone.Deploy.0 = Debug|Any CPU
		{78B3DF9F-4629-459B-A2E0-BA64A443BADD}.Debug|iPhoneSimulator.ActiveCfg = Debug|Any CPU
		{78B3DF9F-4629-459B-A2E0-BA64A443BADD}.Debug|iPhoneSimulator.Build.0 = Debug|Any CPU
		{78B3DF9F-4629-459B-A2E0-BA64A443BADD}.Debug|iPhoneSimulator.Deploy.0 = Debug|Any CPU
		{78B3DF9F-4629-459B-A2E0-BA64A443BADD}.Release|Any CPU.ActiveCfg = Release|Any CPU
		{78B3DF9F-4629-459B-A2E0-BA64A443BADD}.Release|Any CPU.Build.0 = Release|Any CPU
		{78B3DF9F-4629-459B-A2E0-BA64A443BADD}.Release|Any CPU.Deploy.0 = Release|Any CPU
		{78B3DF9F-4629-459B-A2E0-BA64A443BADD}.Release|iPhone.ActiveCfg = Release|Any CPU
		{78B3DF9F-4629-459B-A2E0-BA64A443BADD}.Release|iPhone.Build.0 = Release|Any CPU
		{78B3DF9F-4629-459B-A2E0-BA64A443BADD}.Release|iPhone.Deploy.0 = Release|Any CPU
		{78B3DF9F-4629-459B-A2E0-BA64A443BADD}.Release|iPhoneSimulator.ActiveCfg = Release|Any CPU
		{78B3DF9F-4629-459B-A2E0-BA64A443BADD}.Release|iPhoneSimulator.Build.0 = Release|Any CPU
		{78B3DF9F-4629-459B-A2E0-BA64A443BADD}.Release|iPhoneSimulator.Deploy.0 = Release|Any CPU
		{1964C1C9-DE2B-458B-85F3-C9E602F0138D}.Debug|Any CPU.ActiveCfg = Debug|iPhone
		{1964C1C9-DE2B-458B-85F3-C9E602F0138D}.Debug|Any CPU.Build.0 = Debug|iPhone
		{1964C1C9-DE2B-458B-85F3-C9E602F0138D}.Debug|Any CPU.Deploy.0 = Debug|iPhone
		{1964C1C9-DE2B-458B-85F3-C9E602F0138D}.Debug|iPhone.ActiveCfg = Debug|iPhone
		{1964C1C9-DE2B-458B-85F3-C9E602F0138D}.Debug|iPhone.Build.0 = Debug|iPhone
		{1964C1C9-DE2B-458B-85F3-C9E602F0138D}.Debug|iPhone.Deploy.0 = Debug|iPhone
		{1964C1C9-DE2B-458B-85F3-C9E602F0138D}.Debug|iPhoneSimulator.ActiveCfg = Debug|iPhoneSimulator
		{1964C1C9-DE2B-458B-85F3-C9E602F0138D}.Debug|iPhoneSimulator.Build.0 = Debug|iPhoneSimulator
		{1964C1C9-DE2B-458B-85F3-C9E602F0138D}.Debug|iPhoneSimulator.Deploy.0 = Debug|iPhoneSimulator
		{1964C1C9-DE2B-458B-85F3-C9E602F0138D}.Release|Any CPU.ActiveCfg = Release|iPhone
		{1964C1C9-DE2B-458B-85F3-C9E602F0138D}.Release|Any CPU.Build.0 = Release|iPhone
		{1964C1C9-DE2B-458B-85F3-C9E602F0138D}.Release|Any CPU.Deploy.0 = Release|iPhone
		{1964C1C9-DE2B-458B-85F3-C9E602F0138D}.Release|iPhone.ActiveCfg = Release|iPhone
		{1964C1C9-DE2B-458B-85F3-C9E602F0138D}.Release|iPhone.Build.0 = Release|iPhone
		{1964C1C9-DE2B-458B-85F3-C9E602F0138D}.Release|iPhone.Deploy.0 = Release|iPhone
		{1964C1C9-DE2B-458B-85F3-C9E602F0138D}.Release|iPhoneSimulator.ActiveCfg = Release|iPhoneSimulator
		{1964C1C9-DE2B-458B-85F3-C9E602F0138D}.Release|iPhoneSimulator.Build.0 = Release|iPhoneSimulator
		{1964C1C9-DE2B-458B-85F3-C9E602F0138D}.Release|iPhoneSimulator.Deploy.0 = Release|iPhoneSimulator
		{89EB6C2D-200E-4F04-BA2B-2C4F81960F9A}.Debug|Any CPU.ActiveCfg = Debug|Any CPU
		{89EB6C2D-200E-4F04-BA2B-2C4F81960F9A}.Debug|Any CPU.Build.0 = Debug|Any CPU
		{89EB6C2D-200E-4F04-BA2B-2C4F81960F9A}.Debug|Any CPU.Deploy.0 = Debug|Any CPU
		{89EB6C2D-200E-4F04-BA2B-2C4F81960F9A}.Debug|iPhone.ActiveCfg = Debug|Any CPU
		{89EB6C2D-200E-4F04-BA2B-2C4F81960F9A}.Debug|iPhone.Build.0 = Debug|Any CPU
		{89EB6C2D-200E-4F04-BA2B-2C4F81960F9A}.Debug|iPhone.Deploy.0 = Debug|Any CPU
		{89EB6C2D-200E-4F04-BA2B-2C4F81960F9A}.Debug|iPhoneSimulator.ActiveCfg = Debug|Any CPU
		{89EB6C2D-200E-4F04-BA2B-2C4F81960F9A}.Debug|iPhoneSimulator.Build.0 = Debug|Any CPU
		{89EB6C2D-200E-4F04-BA2B-2C4F81960F9A}.Debug|iPhoneSimulator.Deploy.0 = Debug|Any CPU
		{89EB6C2D-200E-4F04-BA2B-2C4F81960F9A}.Release|Any CPU.ActiveCfg = Release|Any CPU
		{89EB6C2D-200E-4F04-BA2B-2C4F81960F9A}.Release|Any CPU.Build.0 = Release|Any CPU
		{89EB6C2D-200E-4F04-BA2B-2C4F81960F9A}.Release|Any CPU.Deploy.0 = Release|Any CPU
		{89EB6C2D-200E-4F04-BA2B-2C4F81960F9A}.Release|iPhone.ActiveCfg = Release|Any CPU
		{89EB6C2D-200E-4F04-BA2B-2C4F81960F9A}.Release|iPhone.Build.0 = Release|Any CPU
		{89EB6C2D-200E-4F04-BA2B-2C4F81960F9A}.Release|iPhone.Deploy.0 = Release|Any CPU
		{89EB6C2D-200E-4F04-BA2B-2C4F81960F9A}.Release|iPhoneSimulator.ActiveCfg = Release|Any CPU
		{89EB6C2D-200E-4F04-BA2B-2C4F81960F9A}.Release|iPhoneSimulator.Build.0 = Release|Any CPU
		{89EB6C2D-200E-4F04-BA2B-2C4F81960F9A}.Release|iPhoneSimulator.Deploy.0 = Release|Any CPU
	EndGlobalSection
	GlobalSection(SolutionProperties) = preSolution
		HideSolutionNode = FALSE
	EndGlobalSection
	GlobalSection(ExtensibilityGlobals) = postSolution
		SolutionGuid = {F22CA128-C25C-4183-94BF-7CF7F238E5DC}
	EndGlobalSection
EndGlobal
